
Microsoft Visual Studio Solution File, Format Version 12.00
# Visual Studio 15
VisualStudioVersion = 15.0.28307.757
MinimumVisualStudioVersion = 10.0.40219.1
Project("{9A19103F-16F7-4668-BE54-9A1E7A4F7556}") = "Kitsune.Identifier", "AWS\Kitsune.Identifier\Kitsune.Identifier.csproj", "{9ECE2B17-4C7B-4887-BF2C-B28BC0B4296E}"
EndProject
Project("{FAE04EC0-301F-11D3-BF4B-00C04F79EFBC}") = "FloatingpointLayoutManager", "Common\FloatingpointLayoutManager\FloatingpointLayoutManager.csproj", "{F103B1BD-DC0A-4D41-87EA-E7D5C9085E4A}"
EndProject
Project("{9A19103F-16F7-4668-BE54-9A1E7A4F7556}") = "KLM.Web", "AliCloud\KLM.AliCloud.Web\KLM.Web.csproj", "{A4109515-4BFC-4C6B-B9B9-852F3FBBE629}"
EndProject
Project("{2150E333-8FDC-42A3-9474-1A3956D46DE8}") = "Common", "Common", "{D540CBB5-C473-481A-A44E-9B912D09EF8C}"
EndProject
Project("{2150E333-8FDC-42A3-9474-1A3956D46DE8}") = "AWS", "AWS", "{9C5D2DEF-BAD5-4659-BBFA-462B7626F3B5}"
EndProject
Project("{2150E333-8FDC-42A3-9474-1A3956D46DE8}") = "AliCloud", "AliCloud", "{75564FAD-4A68-4D0B-9B2B-5EAB723F7DF0}"
EndProject
Project("{9A19103F-16F7-4668-BE54-9A1E7A4F7556}") = "CacheInvalidationRoute", "AWS\cache-invalidation\CacheInvalidationRoute.csproj", "{B5A3217E-5E45-42E5-A115-FBB3F3F8D6A1}"
EndProject
Global
	GlobalSection(SolutionConfigurationPlatforms) = preSolution
		Debug|Any CPU = Debug|Any CPU
		Release|Any CPU = Release|Any CPU
	EndGlobalSection
	GlobalSection(ProjectConfigurationPlatforms) = postSolution
		{9ECE2B17-4C7B-4887-BF2C-B28BC0B4296E}.Debug|Any CPU.ActiveCfg = Debug|Any CPU
		{9ECE2B17-4C7B-4887-BF2C-B28BC0B4296E}.Debug|Any CPU.Build.0 = Debug|Any CPU
		{9ECE2B17-4C7B-4887-BF2C-B28BC0B4296E}.Release|Any CPU.ActiveCfg = Release|Any CPU
		{9ECE2B17-4C7B-4887-BF2C-B28BC0B4296E}.Release|Any CPU.Build.0 = Release|Any CPU
		{F103B1BD-DC0A-4D41-87EA-E7D5C9085E4A}.Debug|Any CPU.ActiveCfg = Debug|Any CPU
		{F103B1BD-DC0A-4D41-87EA-E7D5C9085E4A}.Debug|Any CPU.Build.0 = Debug|Any CPU
		{F103B1BD-DC0A-4D41-87EA-E7D5C9085E4A}.Release|Any CPU.ActiveCfg = Release|Any CPU
		{F103B1BD-DC0A-4D41-87EA-E7D5C9085E4A}.Release|Any CPU.Build.0 = Release|Any CPU
		{A4109515-4BFC-4C6B-B9B9-852F3FBBE629}.Debug|Any CPU.ActiveCfg = Debug|Any CPU
		{A4109515-4BFC-4C6B-B9B9-852F3FBBE629}.Debug|Any CPU.Build.0 = Debug|Any CPU
		{A4109515-4BFC-4C6B-B9B9-852F3FBBE629}.Release|Any CPU.ActiveCfg = Release|Any CPU
		{A4109515-4BFC-4C6B-B9B9-852F3FBBE629}.Release|Any CPU.Build.0 = Release|Any CPU
		{B5A3217E-5E45-42E5-A115-FBB3F3F8D6A1}.Debug|Any CPU.ActiveCfg = Debug|Any CPU
		{B5A3217E-5E45-42E5-A115-FBB3F3F8D6A1}.Debug|Any CPU.Build.0 = Debug|Any CPU
		{B5A3217E-5E45-42E5-A115-FBB3F3F8D6A1}.Release|Any CPU.ActiveCfg = Release|Any CPU
		{B5A3217E-5E45-42E5-A115-FBB3F3F8D6A1}.Release|Any CPU.Build.0 = Release|Any CPU
	EndGlobalSection
	GlobalSection(SolutionProperties) = preSolution
		HideSolutionNode = FALSE
	EndGlobalSection
	GlobalSection(NestedProjects) = preSolution
		{9ECE2B17-4C7B-4887-BF2C-B28BC0B4296E} = {9C5D2DEF-BAD5-4659-BBFA-462B7626F3B5}
		{F103B1BD-DC0A-4D41-87EA-E7D5C9085E4A} = {D540CBB5-C473-481A-A44E-9B912D09EF8C}
		{A4109515-4BFC-4C6B-B9B9-852F3FBBE629} = {75564FAD-4A68-4D0B-9B2B-5EAB723F7DF0}
		{B5A3217E-5E45-42E5-A115-FBB3F3F8D6A1} = {9C5D2DEF-BAD5-4659-BBFA-462B7626F3B5}
	EndGlobalSection
	GlobalSection(ExtensibilityGlobals) = postSolution
		SolutionGuid = {FD0DE43C-DF9D-42E1-83B6-B3A597214D4E}
	EndGlobalSection
EndGlobal
